
Microsoft Visual Studio Solution File, Format Version 12.00
# Visual Studio Version 17
VisualStudioVersion = 17.2.32630.192
MinimumVisualStudioVersion = 10.0.40219.1
Project("{2150E333-8FDC-42A3-9474-1A3956D46DE8}") = "FrontEnd", "FrontEnd", "{8C983663-9136-4C66-96A3-BFF2D7F8F10D}"
EndProject
Project("{FAE04EC0-301F-11D3-BF4B-00C04F79EFBC}") = "Web", "Web\Web.csproj", "{6472F2C4-3BB8-4E5D-A016-AE6F091F6589}"
EndProject
Project("{2150E333-8FDC-42A3-9474-1A3956D46DE8}") = "Services", "Services", "{31427490-9A53-4A3E-BAEC-7C9E79B4644D}"
EndProject
Project("{FAE04EC0-301F-11D3-BF4B-00C04F79EFBC}") = "Services.ProductAPI", "Services.ProductAPI\Services.ProductAPI.csproj", "{F1A06D35-6174-4ED1-9340-7F0B83B87FD2}"
EndProject
Global
	GlobalSection(SolutionConfigurationPlatforms) = preSolution
		Debug|Any CPU = Debug|Any CPU
		Release|Any CPU = Release|Any CPU
	EndGlobalSection
	GlobalSection(ProjectConfigurationPlatforms) = postSolution
		{6472F2C4-3BB8-4E5D-A016-AE6F091F6589}.Debug|Any CPU.ActiveCfg = Debug|Any CPU
		{6472F2C4-3BB8-4E5D-A016-AE6F091F6589}.Debug|Any CPU.Build.0 = Debug|Any CPU
		{6472F2C4-3BB8-4E5D-A016-AE6F091F6589}.Release|Any CPU.ActiveCfg = Release|Any CPU
		{6472F2C4-3BB8-4E5D-A016-AE6F091F6589}.Release|Any CPU.Build.0 = Release|Any CPU
		{F1A06D35-6174-4ED1-9340-7F0B83B87FD2}.Debug|Any CPU.ActiveCfg = Debug|Any CPU
		{F1A06D35-6174-4ED1-9340-7F0B83B87FD2}.Debug|Any CPU.Build.0 = Debug|Any CPU
		{F1A06D35-6174-4ED1-9340-7F0B83B87FD2}.Release|Any CPU.ActiveCfg = Release|Any CPU
		{F1A06D35-6174-4ED1-9340-7F0B83B87FD2}.Release|Any CPU.Build.0 = Release|Any CPU
	EndGlobalSection
	GlobalSection(SolutionProperties) = preSolution
		HideSolutionNode = FALSE
	EndGlobalSection
	GlobalSection(NestedProjects) = preSolution
		{6472F2C4-3BB8-4E5D-A016-AE6F091F6589} = {8C983663-9136-4C66-96A3-BFF2D7F8F10D}
		{F1A06D35-6174-4ED1-9340-7F0B83B87FD2} = {31427490-9A53-4A3E-BAEC-7C9E79B4644D}
	EndGlobalSection
	GlobalSection(ExtensibilityGlobals) = postSolution
		SolutionGuid = {ABFABEC2-8596-40B4-822A-9C56A26B478D}
	EndGlobalSection
EndGlobal
